# THIS IS AN AUTOGENERATED FILE. DO NOT EDIT THIS FILE DIRECTLY.
# yarn lockfile v1


"@sindresorhus/is@^0.14.0":
  "integrity" "sha1-n7OjzzEyMoFR81PeRjLgHlIQK+o="
  "resolved" "https://registry.nlark.com/@sindresorhus/is/download/@sindresorhus/is-0.14.0.tgz"
  "version" "0.14.0"

"@szmarczak/http-timer@^1.1.2":
  "integrity" "sha1-sWZeLEYaLNkvTBu/UNVFTeDUtCE="
  "resolved" "https://registry.nlark.com/@szmarczak/http-timer/download/@szmarczak/http-timer-1.1.2.tgz"
  "version" "1.1.2"
  dependencies:
    "defer-to-connect" "^1.0.1"

"@types/bson@*", "@types/bson@1.x || 4.0.x":
  "integrity" "sha1-ng4dGm+IZkg/loaKmzO8gEkmsfw="
  "resolved" "https://registry.nlark.com/@types/bson/download/@types/bson-4.0.5.tgz?cache=0&sync_timestamp=1630634661393&other_urls=https%3A%2F%2Fregistry.nlark.com%2F%40types%2Fbson%2Fdownload%2F%40types%2Fbson-4.0.5.tgz"
  "version" "4.0.5"
  dependencies:
    "@types/node" "*"

"@types/mongodb@^3.5.27":
  "integrity" "sha1-t8XFgGRPY2QAK2Sa8cBsPARU4dI="
  "resolved" "https://registry.nlark.com/@types/mongodb/download/@types/mongodb-3.6.20.tgz"
  "version" "3.6.20"
  dependencies:
    "@types/bson" "*"
    "@types/node" "*"

"@types/node@*":
  "integrity" "sha1-BhGzfbQkbJN/7vUp3cwBjPjjVwg="
  "resolved" "https://registry.nlark.com/@types/node/download/@types/node-16.9.1.tgz?cache=0&sync_timestamp=1631217813487&other_urls=https%3A%2F%2Fregistry.nlark.com%2F%40types%2Fnode%2Fdownload%2F%40types%2Fnode-16.9.1.tgz"
  "version" "16.9.1"

"abbrev@1":
  "integrity" "sha1-+PLIh60Qv2f2NPAFtph/7TF5qsg="
  "resolved" "https://registry.npm.taobao.org/abbrev/download/abbrev-1.1.1.tgz"
  "version" "1.1.1"

"accepts@~1.3.7":
  "integrity" "sha1-UxvHJlF6OytB+FACHGzBXqq1B80="
  "resolved" "https://registry.nlark.com/accepts/download/accepts-1.3.7.tgz"
  "version" "1.3.7"
  dependencies:
    "mime-types" "~2.1.24"
    "negotiator" "0.6.2"

"ansi-align@^3.0.0":
  "integrity" "sha1-tTazcc9ofKrvI2wY0+If43l0Z8s="
  "resolved" "https://registry.nlark.com/ansi-align/download/ansi-align-3.0.0.tgz"
  "version" "3.0.0"
  dependencies:
    "string-width" "^3.0.0"

"ansi-regex@^4.1.0":
  "integrity" "sha1-i5+PCM8ay4Q3Vqg5yox+MWjFGZc="
  "resolved" "https://registry.nlark.com/ansi-regex/download/ansi-regex-4.1.0.tgz"
  "version" "4.1.0"

"ansi-regex@^5.0.0":
  "integrity" "sha1-OIU59VF5vzkznIGvMKZU1p+Hy3U="
  "resolved" "https://registry.nlark.com/ansi-regex/download/ansi-regex-5.0.0.tgz"
  "version" "5.0.0"

"ansi-styles@^4.1.0":
  "integrity" "sha1-7dgDYornHATIWuegkG7a00tkiTc="
  "resolved" "https://registry.nlark.com/ansi-styles/download/ansi-styles-4.3.0.tgz"
  "version" "4.3.0"
  dependencies:
    "color-convert" "^2.0.1"

"anymatch@~3.1.2":
  "integrity" "sha1-wFV8CWrzLxBhmPT04qODU343hxY="
  "resolved" "https://registry.nlark.com/anymatch/download/anymatch-3.1.2.tgz"
  "version" "3.1.2"
  dependencies:
    "normalize-path" "^3.0.0"
    "picomatch" "^2.0.4"

"array-flatten@1.1.1":
  "integrity" "sha1-ml9pkFGx5wczKPKgCJaLZOopVdI="
  "resolved" "https://registry.nlark.com/array-flatten/download/array-flatten-1.1.1.tgz"
  "version" "1.1.1"

"balanced-match@^1.0.0":
  "integrity" "sha1-6D46fj8wCzTLnYf2FfoMvzV2kO4="
  "resolved" "https://registry.nlark.com/balanced-match/download/balanced-match-1.0.2.tgz"
  "version" "1.0.2"

"binary-extensions@^2.0.0":
  "integrity" "sha1-dfUC7q+f/eQvyYgpZFvk6na9ni0="
  "resolved" "https://registry.nlark.com/binary-extensions/download/binary-extensions-2.2.0.tgz"
  "version" "2.2.0"

"bl@^2.2.1":
  "integrity" "sha1-jBGntzBlXF1WiYzchxIk9A/ZAdU="
  "resolved" "https://registry.nlark.com/bl/download/bl-2.2.1.tgz"
  "version" "2.2.1"
  dependencies:
    "readable-stream" "^2.3.5"
    "safe-buffer" "^5.1.1"

"bluebird@3.5.1":
  "integrity" "sha1-2VUfnemPH82h5oPRfukaBgLuLrk="
  "resolved" "https://registry.nlark.com/bluebird/download/bluebird-3.5.1.tgz"
  "version" "3.5.1"

"body-parser@^1.19.0", "body-parser@1.19.0":
  "integrity" "sha1-lrJwnlfJxOCab9Zqj9l5hE9p8Io="
  "resolved" "https://registry.nlark.com/body-parser/download/body-parser-1.19.0.tgz"
  "version" "1.19.0"
  dependencies:
    "bytes" "3.1.0"
    "content-type" "~1.0.4"
    "debug" "2.6.9"
    "depd" "~1.1.2"
    "http-errors" "1.7.2"
    "iconv-lite" "0.4.24"
    "on-finished" "~2.3.0"
    "qs" "6.7.0"
    "raw-body" "2.4.0"
    "type-is" "~1.6.17"

"boxen@^4.2.0":
  "integrity" "sha1-5BG2I1fW1tNlh8isPV2XTaoHDmQ="
  "resolved" "https://registry.nlark.com/boxen/download/boxen-4.2.0.tgz"
  "version" "4.2.0"
  dependencies:
    "ansi-align" "^3.0.0"
    "camelcase" "^5.3.1"
    "chalk" "^3.0.0"
    "cli-boxes" "^2.2.0"
    "string-width" "^4.1.0"
    "term-size" "^2.1.0"
    "type-fest" "^0.8.1"
    "widest-line" "^3.1.0"

"brace-expansion@^1.1.7":
  "integrity" "sha1-PH/L9SnYcibz0vUrlm/1Jx60Qd0="
  "resolved" "https://registry.nlark.com/brace-expansion/download/brace-expansion-1.1.11.tgz"
  "version" "1.1.11"
  dependencies:
    "balanced-match" "^1.0.0"
    "concat-map" "0.0.1"

"braces@~3.0.2":
  "integrity" "sha1-NFThpGLujVmeI23zNs2epPiv4Qc="
  "resolved" "https://registry.nlark.com/braces/download/braces-3.0.2.tgz"
  "version" "3.0.2"
  dependencies:
    "fill-range" "^7.0.1"

"bson@^1.1.4":
  "integrity" "sha1-+4Gb6aYM1nfghTruTKcSp4XWYYo="
  "resolved" "https://registry.nlark.com/bson/download/bson-1.1.6.tgz?cache=0&sync_timestamp=1629820108368&other_urls=https%3A%2F%2Fregistry.nlark.com%2Fbson%2Fdownload%2Fbson-1.1.6.tgz"
  "version" "1.1.6"

"bytes@3.1.0":
  "integrity" "sha1-9s95M6Ng4FiPqf3oVlHNx/gF0fY="
  "resolved" "https://registry.nlark.com/bytes/download/bytes-3.1.0.tgz"
  "version" "3.1.0"

"cacheable-request@^6.0.0":
  "integrity" "sha1-IP+4vRYrpL4R6VZ9gj22UQUsqRI="
  "resolved" "https://registry.nlark.com/cacheable-request/download/cacheable-request-6.1.0.tgz"
  "version" "6.1.0"
  dependencies:
    "clone-response" "^1.0.2"
    "get-stream" "^5.1.0"
    "http-cache-semantics" "^4.0.0"
    "keyv" "^3.0.0"
    "lowercase-keys" "^2.0.0"
    "normalize-url" "^4.1.0"
    "responselike" "^1.0.2"

"camelcase@^5.3.1":
  "integrity" "sha1-48mzFWnhBoEd8kL3FXJaH0xJQyA="
  "resolved" "https://registry.nlark.com/camelcase/download/camelcase-5.3.1.tgz"
  "version" "5.3.1"

"chalk@^3.0.0":
  "integrity" "sha1-P3PCv1JlkfV0zEksUeJFY0n4ROQ="
  "resolved" "https://registry.nlark.com/chalk/download/chalk-3.0.0.tgz?cache=0&sync_timestamp=1627646734234&other_urls=https%3A%2F%2Fregistry.nlark.com%2Fchalk%2Fdownload%2Fchalk-3.0.0.tgz"
  "version" "3.0.0"
  dependencies:
    "ansi-styles" "^4.1.0"
    "supports-color" "^7.1.0"

"chokidar@^3.2.2":
  "integrity" "sha1-26OXb8rbAW9m/TZQIdkWANAcHnU="
  "resolved" "https://registry.nlark.com/chokidar/download/chokidar-3.5.2.tgz"
  "version" "3.5.2"
  dependencies:
    "anymatch" "~3.1.2"
    "braces" "~3.0.2"
    "glob-parent" "~5.1.2"
    "is-binary-path" "~2.1.0"
    "is-glob" "~4.0.1"
    "normalize-path" "~3.0.0"
    "readdirp" "~3.6.0"
  optionalDependencies:
    "fsevents" "~2.3.2"

"ci-info@^2.0.0":
  "integrity" "sha1-Z6npZL4xpR4V5QENWObxKDQAL0Y="
  "resolved" "https://registry.nlark.com/ci-info/download/ci-info-2.0.0.tgz"
  "version" "2.0.0"

"cli-boxes@^2.2.0":
  "integrity" "sha1-3dUDXSUJT84iDpyrQKRYQKRAMY8="
  "resolved" "https://registry.nlark.com/cli-boxes/download/cli-boxes-2.2.1.tgz"
  "version" "2.2.1"

"clone-response@^1.0.2":
  "integrity" "sha1-0dyXOSAxTfZ/vrlCI7TuNQI56Ws="
  "resolved" "https://registry.nlark.com/clone-response/download/clone-response-1.0.2.tgz"
  "version" "1.0.2"
  dependencies:
    "mimic-response" "^1.0.0"

"color-convert@^2.0.1":
  "integrity" "sha1-ctOmjVmMm9s68q0ehPIdiWq9TeM="
  "resolved" "https://registry.nlark.com/color-convert/download/color-convert-2.0.1.tgz"
  "version" "2.0.1"
  dependencies:
    "color-name" "~1.1.4"

"color-name@~1.1.4":
  "integrity" "sha1-wqCah6y95pVD3m9j+jmVyCbFNqI="
  "resolved" "https://registry.nlark.com/color-name/download/color-name-1.1.4.tgz"
  "version" "1.1.4"

"concat-map@0.0.1":
  "integrity" "sha1-2Klr13/Wjfd5OnMDajug1UBdR3s="
  "resolved" "https://registry.nlark.com/concat-map/download/concat-map-0.0.1.tgz"
  "version" "0.0.1"

"configstore@^5.0.1":
  "integrity" "sha1-02UCG130uYzdGH1qOw4/anzF7ZY="
  "resolved" "https://registry.nlark.com/configstore/download/configstore-5.0.1.tgz"
  "version" "5.0.1"
  dependencies:
    "dot-prop" "^5.2.0"
    "graceful-fs" "^4.1.2"
    "make-dir" "^3.0.0"
    "unique-string" "^2.0.0"
    "write-file-atomic" "^3.0.0"
    "xdg-basedir" "^4.0.0"

"content-disposition@0.5.3":
  "integrity" "sha1-4TDK9+cnkIfFYWwgB9BIVpiYT70="
  "resolved" "https://registry.nlark.com/content-disposition/download/content-disposition-0.5.3.tgz"
  "version" "0.5.3"
  dependencies:
    "safe-buffer" "5.1.2"

"content-type@~1.0.4":
  "integrity" "sha1-4TjMdeBAxyexlm/l5fjJruJW/js="
  "resolved" "https://registry.nlark.com/content-type/download/content-type-1.0.4.tgz"
  "version" "1.0.4"

"cookie-signature@1.0.6":
  "integrity" "sha1-4wOogrNCzD7oylE6eZmXNNqzriw="
  "resolved" "https://registry.nlark.com/cookie-signature/download/cookie-signature-1.0.6.tgz"
  "version" "1.0.6"

"cookie@0.4.0":
  "integrity" "sha1-vrQ35wIrO21JAZ0IhmUwPr6cFLo="
  "resolved" "https://registry.nlark.com/cookie/download/cookie-0.4.0.tgz"
  "version" "0.4.0"

"core-util-is@~1.0.0":
  "integrity" "sha1-pgQtNjTCsn6TKPg3uWX6yDgI24U="
  "resolved" "https://registry.nlark.com/core-util-is/download/core-util-is-1.0.3.tgz"
  "version" "1.0.3"

"cors@^2.8.5":
  "integrity" "sha1-6sEdpRWS3Ya58G9uesKTs9+HXSk="
  "resolved" "https://registry.nlark.com/cors/download/cors-2.8.5.tgz"
  "version" "2.8.5"
  dependencies:
    "object-assign" "^4"
    "vary" "^1"

"crypto-random-string@^2.0.0":
  "integrity" "sha1-7yp6lm7BEIM4g2m6oC6+rSKbMNU="
  "resolved" "https://registry.npm.taobao.org/crypto-random-string/download/crypto-random-string-2.0.0.tgz?cache=0&sync_timestamp=1617610491419&other_urls=https%3A%2F%2Fregistry.npm.taobao.org%2Fcrypto-random-string%2Fdownload%2Fcrypto-random-string-2.0.0.tgz"
  "version" "2.0.0"

"debug@^2.2.0", "debug@2.6.9":
  "integrity" "sha1-XRKFFd8TT/Mn6QpMk/Tgd6U2NB8="
  "resolved" "https://registry.nlark.com/debug/download/debug-2.6.9.tgz"
  "version" "2.6.9"
  dependencies:
    "ms" "2.0.0"

"debug@^3.2.6":
  "integrity" "sha1-clgLfpFF+zm2Z2+cXl+xALk0F5o="
  "resolved" "https://registry.nlark.com/debug/download/debug-3.2.7.tgz"
  "version" "3.2.7"
  dependencies:
    "ms" "^2.1.1"

"debug@3.1.0":
  "integrity" "sha1-W7WgZyYotkFJVmuhaBnmFRjGcmE="
  "resolved" "https://registry.nlark.com/debug/download/debug-3.1.0.tgz"
  "version" "3.1.0"
  dependencies:
    "ms" "2.0.0"

"decompress-response@^3.3.0":
  "integrity" "sha1-gKTdMjdIOEv6JICDYirt7Jgq3/M="
  "resolved" "https://registry.nlark.com/decompress-response/download/decompress-response-3.3.0.tgz"
  "version" "3.3.0"
  dependencies:
    "mimic-response" "^1.0.0"

"deep-extend@^0.6.0":
  "integrity" "sha1-xPp8lUBKF6nD6Mp+FTcxK3NjMKw="
  "resolved" "https://registry.npm.taobao.org/deep-extend/download/deep-extend-0.6.0.tgz"
  "version" "0.6.0"

"defer-to-connect@^1.0.1":
  "integrity" "sha1-MxrgUMCNz3ifjIOnuB8O2U9KxZE="
  "resolved" "https://registry.npm.taobao.org/defer-to-connect/download/defer-to-connect-1.1.3.tgz"
  "version" "1.1.3"

"denque@^1.4.1":
  "integrity" "sha1-B/Zw4pyaePj67LJWah4sEZKcXL8="
  "resolved" "https://registry.nlark.com/denque/download/denque-1.5.1.tgz?cache=0&sync_timestamp=1630410038868&other_urls=https%3A%2F%2Fregistry.nlark.com%2Fdenque%2Fdownload%2Fdenque-1.5.1.tgz"
  "version" "1.5.1"

"depd@~1.1.2":
  "integrity" "sha1-m81S4UwJd2PnSbJ0xDRu0uVgtak="
  "resolved" "https://registry.nlark.com/depd/download/depd-1.1.2.tgz"
  "version" "1.1.2"

"destroy@~1.0.4":
  "integrity" "sha1-l4hXRCxEdJ5CBmE+N5RiBYJqvYA="
  "resolved" "https://registry.nlark.com/destroy/download/destroy-1.0.4.tgz"
  "version" "1.0.4"

"dot-prop@^5.2.0":
  "integrity" "sha1-kMzOcIzZzYLMTcjD3dmr3VWyDog="
  "resolved" "https://registry.nlark.com/dot-prop/download/dot-prop-5.3.0.tgz"
  "version" "5.3.0"
  dependencies:
    "is-obj" "^2.0.0"

"dotenv@^10.0.0":
  "integrity" "sha1-PUInuPuV+BCWzdK2ZlP7LHCFuoE="
  "resolved" "https://registry.nlark.com/dotenv/download/dotenv-10.0.0.tgz"
  "version" "10.0.0"

"duplexer3@^0.1.4":
  "integrity" "sha1-7gHdHKwO08vH/b6jfcCo8c4ALOI="
  "resolved" "https://registry.nlark.com/duplexer3/download/duplexer3-0.1.4.tgz"
  "version" "0.1.4"

"ee-first@1.1.1":
  "integrity" "sha1-WQxhFWsK4vTwJVcyoViyZrxWsh0="
  "resolved" "https://registry.nlark.com/ee-first/download/ee-first-1.1.1.tgz"
  "version" "1.1.1"

"emoji-regex@^7.0.1":
  "integrity" "sha1-kzoEBShgyF6DwSJHnEdIqOTHIVY="
  "resolved" "https://registry.nlark.com/emoji-regex/download/emoji-regex-7.0.3.tgz"
  "version" "7.0.3"

"emoji-regex@^8.0.0":
  "integrity" "sha1-6Bj9ac5cz8tARZT4QpY79TFkzDc="
  "resolved" "https://registry.nlark.com/emoji-regex/download/emoji-regex-8.0.0.tgz"
  "version" "8.0.0"

"encodeurl@~1.0.2":
  "integrity" "sha1-rT/0yG7C0CkyL1oCw6mmBslbP1k="
  "resolved" "https://registry.nlark.com/encodeurl/download/encodeurl-1.0.2.tgz"
  "version" "1.0.2"

"end-of-stream@^1.1.0":
  "integrity" "sha1-WuZKX0UFe682JuwU2gyl5LJDHrA="
  "resolved" "https://registry.nlark.com/end-of-stream/download/end-of-stream-1.4.4.tgz"
  "version" "1.4.4"
  dependencies:
    "once" "^1.4.0"

"escape-goat@^2.0.0":
  "integrity" "sha1-Gy3HcANnbEV+x2Cy3GjttkgYhnU="
  "resolved" "https://registry.npm.taobao.org/escape-goat/download/escape-goat-2.1.1.tgz?cache=0&other_urls=https%3A%2F%2Fregistry.npm.taobao.org%2Fescape-goat%2Fdownload%2Fescape-goat-2.1.1.tgz"
  "version" "2.1.1"

"escape-html@~1.0.3":
  "integrity" "sha1-Aljq5NPQwJdN4cFpGI7wBR0dGYg="
  "resolved" "https://registry.nlark.com/escape-html/download/escape-html-1.0.3.tgz"
  "version" "1.0.3"

"etag@~1.8.1":
  "integrity" "sha1-Qa4u62XvpiJorr/qg6x9eSmbCIc="
  "resolved" "https://registry.nlark.com/etag/download/etag-1.8.1.tgz"
  "version" "1.8.1"

"express@^4.17.1":
  "integrity" "sha1-RJH8OGBc9R+GKdOcK10Cb5ikwTQ="
  "resolved" "https://registry.nlark.com/express/download/express-4.17.1.tgz"
  "version" "4.17.1"
  dependencies:
    "accepts" "~1.3.7"
    "array-flatten" "1.1.1"
    "body-parser" "1.19.0"
    "content-disposition" "0.5.3"
    "content-type" "~1.0.4"
    "cookie" "0.4.0"
    "cookie-signature" "1.0.6"
    "debug" "2.6.9"
    "depd" "~1.1.2"
    "encodeurl" "~1.0.2"
    "escape-html" "~1.0.3"
    "etag" "~1.8.1"
    "finalhandler" "~1.1.2"
    "fresh" "0.5.2"
    "merge-descriptors" "1.0.1"
    "methods" "~1.1.2"
    "on-finished" "~2.3.0"
    "parseurl" "~1.3.3"
    "path-to-regexp" "0.1.7"
    "proxy-addr" "~2.0.5"
    "qs" "6.7.0"
    "range-parser" "~1.2.1"
    "safe-buffer" "5.1.2"
    "send" "0.17.1"
    "serve-static" "1.14.1"
    "setprototypeof" "1.1.1"
    "statuses" "~1.5.0"
    "type-is" "~1.6.18"
    "utils-merge" "1.0.1"
    "vary" "~1.1.2"

"fill-range@^7.0.1":
  "integrity" "sha1-GRmmp8df44ssfHflGYU12prN2kA="
  "resolved" "https://registry.nlark.com/fill-range/download/fill-range-7.0.1.tgz"
  "version" "7.0.1"
  dependencies:
    "to-regex-range" "^5.0.1"

"finalhandler@~1.1.2":
  "integrity" "sha1-t+fQAP/RGTjQ/bBTUG9uur6fWH0="
  "resolved" "https://registry.nlark.com/finalhandler/download/finalhandler-1.1.2.tgz"
  "version" "1.1.2"
  dependencies:
    "debug" "2.6.9"
    "encodeurl" "~1.0.2"
    "escape-html" "~1.0.3"
    "on-finished" "~2.3.0"
    "parseurl" "~1.3.3"
    "statuses" "~1.5.0"
    "unpipe" "~1.0.0"

"forwarded@0.2.0":
  "integrity" "sha1-ImmTZCiq1MFcfr6XeahL8LKoGBE="
  "resolved" "https://registry.nlark.com/forwarded/download/forwarded-0.2.0.tgz"
  "version" "0.2.0"

"fresh@0.5.2":
  "integrity" "sha1-PYyt2Q2XZWn6g1qx+OSyOhBWBac="
  "resolved" "https://registry.nlark.com/fresh/download/fresh-0.5.2.tgz"
  "version" "0.5.2"

"fsevents@~2.3.2":
  "integrity" "sha1-ilJveLj99GI7cJ4Ll1xSwkwC/Ro="
  "resolved" "https://registry.nlark.com/fsevents/download/fsevents-2.3.2.tgz"
  "version" "2.3.2"

"get-stream@^4.1.0":
  "integrity" "sha1-wbJVV189wh1Zv8ec09K0axw6VLU="
  "resolved" "https://registry.nlark.com/get-stream/download/get-stream-4.1.0.tgz"
  "version" "4.1.0"
  dependencies:
    "pump" "^3.0.0"

"get-stream@^5.1.0":
  "integrity" "sha1-SWaheV7lrOZecGxLe+txJX1uItM="
  "resolved" "https://registry.nlark.com/get-stream/download/get-stream-5.2.0.tgz"
  "version" "5.2.0"
  dependencies:
    "pump" "^3.0.0"

"glob-parent@~5.1.2":
  "integrity" "sha1-hpgyxYA0/mikCTwX3BXoNA2EAcQ="
  "resolved" "https://registry.nlark.com/glob-parent/download/glob-parent-5.1.2.tgz?cache=0&sync_timestamp=1626760235241&other_urls=https%3A%2F%2Fregistry.nlark.com%2Fglob-parent%2Fdownload%2Fglob-parent-5.1.2.tgz"
  "version" "5.1.2"
  dependencies:
    "is-glob" "^4.0.1"

"global-dirs@^2.0.1":
  "integrity" "sha1-6QRqScgG/wTWwYJeGWyPAJHo300="
  "resolved" "https://registry.nlark.com/global-dirs/download/global-dirs-2.1.0.tgz"
  "version" "2.1.0"
  dependencies:
    "ini" "1.3.7"

"got@^9.6.0":
  "integrity" "sha1-7fRefWf5lUVwXeH3u+7rEhdl7YU="
  "resolved" "https://registry.nlark.com/got/download/got-9.6.0.tgz?cache=0&sync_timestamp=1628752491100&other_urls=https%3A%2F%2Fregistry.nlark.com%2Fgot%2Fdownload%2Fgot-9.6.0.tgz"
  "version" "9.6.0"
  dependencies:
    "@sindresorhus/is" "^0.14.0"
    "@szmarczak/http-timer" "^1.1.2"
    "cacheable-request" "^6.0.0"
    "decompress-response" "^3.3.0"
    "duplexer3" "^0.1.4"
    "get-stream" "^4.1.0"
    "lowercase-keys" "^1.0.1"
    "mimic-response" "^1.0.1"
    "p-cancelable" "^1.0.0"
    "to-readable-stream" "^1.0.0"
    "url-parse-lax" "^3.0.0"

"graceful-fs@^4.1.2":
  "integrity" "sha1-5BK40z9eAGWTy9PO5t+fLOu+gCo="
  "resolved" "https://registry.nlark.com/graceful-fs/download/graceful-fs-4.2.8.tgz"
  "version" "4.2.8"

"has-flag@^3.0.0":
  "integrity" "sha1-tdRU3CGZriJWmfNGfloH87lVuv0="
  "resolved" "https://registry.nlark.com/has-flag/download/has-flag-3.0.0.tgz?cache=0&sync_timestamp=1626715907927&other_urls=https%3A%2F%2Fregistry.nlark.com%2Fhas-flag%2Fdownload%2Fhas-flag-3.0.0.tgz"
  "version" "3.0.0"

"has-flag@^4.0.0":
  "integrity" "sha1-lEdx/ZyByBJlxNaUGGDaBrtZR5s="
  "resolved" "https://registry.nlark.com/has-flag/download/has-flag-4.0.0.tgz?cache=0&sync_timestamp=1626715907927&other_urls=https%3A%2F%2Fregistry.nlark.com%2Fhas-flag%2Fdownload%2Fhas-flag-4.0.0.tgz"
  "version" "4.0.0"

"has-yarn@^2.1.0":
  "integrity" "sha1-E34RNUp7W/EapctknPDG8/8rLnc="
  "resolved" "https://registry.nlark.com/has-yarn/download/has-yarn-2.1.0.tgz?cache=0&sync_timestamp=1631298792738&other_urls=https%3A%2F%2Fregistry.nlark.com%2Fhas-yarn%2Fdownload%2Fhas-yarn-2.1.0.tgz"
  "version" "2.1.0"

"http-cache-semantics@^4.0.0":
  "integrity" "sha1-SekcXL82yblLz81xwj1SSex045A="
  "resolved" "https://registry.nlark.com/http-cache-semantics/download/http-cache-semantics-4.1.0.tgz"
  "version" "4.1.0"

"http-errors@~1.7.2", "http-errors@1.7.2":
  "integrity" "sha1-T1ApzxMjnzEDblsuVSkrz7zIXI8="
  "resolved" "https://registry.nlark.com/http-errors/download/http-errors-1.7.2.tgz"
  "version" "1.7.2"
  dependencies:
    "depd" "~1.1.2"
    "inherits" "2.0.3"
    "setprototypeof" "1.1.1"
    "statuses" ">= 1.5.0 < 2"
    "toidentifier" "1.0.0"

"iconv-lite@0.4.24":
  "integrity" "sha1-ICK0sl+93CHS9SSXSkdKr+czkIs="
  "resolved" "https://registry.nlark.com/iconv-lite/download/iconv-lite-0.4.24.tgz?cache=0&sync_timestamp=1622686400731&other_urls=https%3A%2F%2Fregistry.nlark.com%2Ficonv-lite%2Fdownload%2Ficonv-lite-0.4.24.tgz"
  "version" "0.4.24"
  dependencies:
    "safer-buffer" ">= 2.1.2 < 3"

"ignore-by-default@^1.0.1":
  "integrity" "sha1-SMptcvbGo68Aqa1K5odr44ieKwk="
  "resolved" "https://registry.npm.taobao.org/ignore-by-default/download/ignore-by-default-1.0.1.tgz"
  "version" "1.0.1"

"import-lazy@^2.1.0":
  "integrity" "sha1-BWmOPUXIjo1+nZLLBYTnfwlvPkM="
  "resolved" "https://registry.nlark.com/import-lazy/download/import-lazy-2.1.0.tgz"
  "version" "2.1.0"

"imurmurhash@^0.1.4":
  "integrity" "sha1-khi5srkoojixPcT7a21XbyMUU+o="
  "resolved" "https://registry.nlark.com/imurmurhash/download/imurmurhash-0.1.4.tgz"
  "version" "0.1.4"

"inherits@~2.0.3", "inherits@2.0.3":
  "integrity" "sha1-Yzwsg+PaQqUC9SRmAiSA9CCCYd4="
  "resolved" "https://registry.nlark.com/inherits/download/inherits-2.0.3.tgz"
  "version" "2.0.3"

"ini@~1.3.0", "ini@1.3.7":
  "integrity" "sha1-oJNj4ZEZcuoW16iFEAXYTPCamoQ="
  "resolved" "https://registry.nlark.com/ini/download/ini-1.3.7.tgz"
  "version" "1.3.7"

"ipaddr.js@1.9.1":
  "integrity" "sha1-v/OFQ+64mEglB5/zoqjmy9RngbM="
  "resolved" "https://registry.nlark.com/ipaddr.js/download/ipaddr.js-1.9.1.tgz"
  "version" "1.9.1"

"is-binary-path@~2.1.0":
  "integrity" "sha1-6h9/O4DwZCNug0cPhsCcJU+0Wwk="
  "resolved" "https://registry.nlark.com/is-binary-path/download/is-binary-path-2.1.0.tgz"
  "version" "2.1.0"
  dependencies:
    "binary-extensions" "^2.0.0"

"is-ci@^2.0.0":
  "integrity" "sha1-a8YzQYGBDgS1wis9WJ/cpVAmQEw="
  "resolved" "https://registry.nlark.com/is-ci/download/is-ci-2.0.0.tgz"
  "version" "2.0.0"
  dependencies:
    "ci-info" "^2.0.0"

"is-extglob@^2.1.1":
  "integrity" "sha1-qIwCU1eR8C7TfHahueqXc8gz+MI="
  "resolved" "https://registry.nlark.com/is-extglob/download/is-extglob-2.1.1.tgz"
  "version" "2.1.1"

"is-fullwidth-code-point@^2.0.0":
  "integrity" "sha1-o7MKXE8ZkYMWeqq5O+764937ZU8="
  "resolved" "https://registry.nlark.com/is-fullwidth-code-point/download/is-fullwidth-code-point-2.0.0.tgz"
  "version" "2.0.0"

"is-fullwidth-code-point@^3.0.0":
  "integrity" "sha1-8Rb4Bk/pCz94RKOJl8C3UFEmnx0="
  "resolved" "https://registry.nlark.com/is-fullwidth-code-point/download/is-fullwidth-code-point-3.0.0.tgz"
  "version" "3.0.0"

"is-glob@^4.0.1", "is-glob@~4.0.1":
  "integrity" "sha1-dWfb6fL14kZ7x3q4PEopSCQHpdw="
  "resolved" "https://registry.nlark.com/is-glob/download/is-glob-4.0.1.tgz"
  "version" "4.0.1"
  dependencies:
    "is-extglob" "^2.1.1"

"is-installed-globally@^0.3.1":
  "integrity" "sha1-/T76ee5nDRGHIzGC1bCh3QAxMUE="
  "resolved" "https://registry.npm.taobao.org/is-installed-globally/download/is-installed-globally-0.3.2.tgz"
  "version" "0.3.2"
  dependencies:
    "global-dirs" "^2.0.1"
    "is-path-inside" "^3.0.1"

"is-npm@^4.0.0":
  "integrity" "sha1-yQ3YOAaW34enptgjwg0LErvjyE0="
  "resolved" "https://registry.npm.taobao.org/is-npm/download/is-npm-4.0.0.tgz"
  "version" "4.0.0"

"is-number@^7.0.0":
  "integrity" "sha1-dTU0W4lnNNX4DE0GxQlVUnoU8Ss="
  "resolved" "https://registry.nlark.com/is-number/download/is-number-7.0.0.tgz"
  "version" "7.0.0"

"is-obj@^2.0.0":
  "integrity" "sha1-Rz+wXZc3BeP9liBUUBjKjiLvSYI="
  "resolved" "https://registry.npm.taobao.org/is-obj/download/is-obj-2.0.0.tgz"
  "version" "2.0.0"

"is-path-inside@^3.0.1":
  "integrity" "sha1-0jE2LlOgf/Kw4Op/7QSRYf/RYoM="
  "resolved" "https://registry.nlark.com/is-path-inside/download/is-path-inside-3.0.3.tgz?cache=0&sync_timestamp=1620046845369&other_urls=https%3A%2F%2Fregistry.nlark.com%2Fis-path-inside%2Fdownload%2Fis-path-inside-3.0.3.tgz"
  "version" "3.0.3"

"is-typedarray@^1.0.0":
  "integrity" "sha1-5HnICFjfDBsR3dppQPlgEfzaSpo="
  "resolved" "https://registry.nlark.com/is-typedarray/download/is-typedarray-1.0.0.tgz"
  "version" "1.0.0"

"is-yarn-global@^0.3.0":
  "integrity" "sha1-1QLTOCWQ6jAEiTdGdUyJE5lz4jI="
  "resolved" "https://registry.nlark.com/is-yarn-global/download/is-yarn-global-0.3.0.tgz"
  "version" "0.3.0"

"isarray@~1.0.0":
  "integrity" "sha1-u5NdSFgsuhaMBoNJV6VKPgcSTxE="
  "resolved" "https://registry.nlark.com/isarray/download/isarray-1.0.0.tgz"
  "version" "1.0.0"

"json-buffer@3.0.0":
  "integrity" "sha1-Wx85evx11ne96Lz8Dkfh+aPZqJg="
  "resolved" "https://registry.nlark.com/json-buffer/download/json-buffer-3.0.0.tgz"
  "version" "3.0.0"

"kareem@2.3.2":
  "integrity" "sha1-eMRQiJSYW404oNwV4ajhEHjyypM="
  "resolved" "https://registry.nlark.com/kareem/download/kareem-2.3.2.tgz"
  "version" "2.3.2"

"keyv@^3.0.0":
  "integrity" "sha1-7MIoSG9pmR5J6UdkhaW+Ho/FxNk="
  "resolved" "https://registry.nlark.com/keyv/download/keyv-3.1.0.tgz"
  "version" "3.1.0"
  dependencies:
    "json-buffer" "3.0.0"

"latest-version@^5.0.0":
  "integrity" "sha1-EZ3+kI/jjRXfpD7NE/oS7Igy+s4="
  "resolved" "https://registry.nlark.com/latest-version/download/latest-version-5.1.0.tgz?cache=0&sync_timestamp=1626951703884&other_urls=https%3A%2F%2Fregistry.nlark.com%2Flatest-version%2Fdownload%2Flatest-version-5.1.0.tgz"
  "version" "5.1.0"
  dependencies:
    "package-json" "^6.3.0"

"lowercase-keys@^1.0.0", "lowercase-keys@^1.0.1":
  "integrity" "sha1-b54wtHCE2XGnyCD/FabFFnt0wm8="
  "resolved" "https://registry.nlark.com/lowercase-keys/download/lowercase-keys-1.0.1.tgz"
  "version" "1.0.1"

"lowercase-keys@^2.0.0":
  "integrity" "sha1-JgPni3tLAAbLyi+8yKMgJVislHk="
  "resolved" "https://registry.nlark.com/lowercase-keys/download/lowercase-keys-2.0.0.tgz"
  "version" "2.0.0"

"make-dir@^3.0.0":
  "integrity" "sha1-QV6WcEazp/HRhSd9hKpYIDcmoT8="
  "resolved" "https://registry.nlark.com/make-dir/download/make-dir-3.1.0.tgz"
  "version" "3.1.0"
  dependencies:
    "semver" "^6.0.0"

"media-typer@0.3.0":
  "integrity" "sha1-hxDXrwqmJvj/+hzgAWhUUmMlV0g="
  "resolved" "https://registry.nlark.com/media-typer/download/media-typer-0.3.0.tgz"
  "version" "0.3.0"

"memory-pager@^1.0.2":
  "integrity" "sha1-2HUWVdItOEaCdByXLyw9bfo+ZrU="
  "resolved" "https://registry.nlark.com/memory-pager/download/memory-pager-1.5.0.tgz"
  "version" "1.5.0"

"merge-descriptors@1.0.1":
  "integrity" "sha1-sAqqVW3YtEVoFQ7J0blT8/kMu2E="
  "resolved" "https://registry.nlark.com/merge-descriptors/download/merge-descriptors-1.0.1.tgz"
  "version" "1.0.1"

"methods@~1.1.2":
  "integrity" "sha1-VSmk1nZUE07cxSZmVoNbD4Ua/O4="
  "resolved" "https://registry.nlark.com/methods/download/methods-1.1.2.tgz"
  "version" "1.1.2"

"mime-db@1.49.0":
  "integrity" "sha1-89/eYMmenPO8lwHWh3ePU3ABy+0="
  "resolved" "https://registry.nlark.com/mime-db/download/mime-db-1.49.0.tgz?cache=0&sync_timestamp=1627335450684&other_urls=https%3A%2F%2Fregistry.nlark.com%2Fmime-db%2Fdownload%2Fmime-db-1.49.0.tgz"
  "version" "1.49.0"

"mime-types@~2.1.24":
  "integrity" "sha1-HQDonn3n/gIAjbYQAdngKFJnD9U="
  "resolved" "https://registry.nlark.com/mime-types/download/mime-types-2.1.32.tgz"
  "version" "2.1.32"
  dependencies:
    "mime-db" "1.49.0"

"mime@1.6.0":
  "integrity" "sha1-Ms2eXGRVO9WNGaVor0Uqz/BJgbE="
  "resolved" "https://registry.nlark.com/mime/download/mime-1.6.0.tgz"
  "version" "1.6.0"

"mimic-response@^1.0.0", "mimic-response@^1.0.1":
  "integrity" "sha1-SSNTiHju9CBjy4o+OweYeBSHqxs="
  "resolved" "https://registry.nlark.com/mimic-response/download/mimic-response-1.0.1.tgz?cache=0&sync_timestamp=1628692720475&other_urls=https%3A%2F%2Fregistry.nlark.com%2Fmimic-response%2Fdownload%2Fmimic-response-1.0.1.tgz"
  "version" "1.0.1"

"minimatch@^3.0.4":
  "integrity" "sha1-UWbihkV/AzBgZL5Ul+jbsMPTIIM="
  "resolved" "https://registry.nlark.com/minimatch/download/minimatch-3.0.4.tgz"
  "version" "3.0.4"
  dependencies:
    "brace-expansion" "^1.1.7"

"minimist@^1.2.0":
  "integrity" "sha1-Z9ZgFLZqaoqqDAg8X9WN9OTpdgI="
  "resolved" "https://registry.nlark.com/minimist/download/minimist-1.2.5.tgz?cache=0&sync_timestamp=1622685831901&other_urls=https%3A%2F%2Fregistry.nlark.com%2Fminimist%2Fdownload%2Fminimist-1.2.5.tgz"
  "version" "1.2.5"

"mongodb@3.6.11":
  "integrity" "sha1-ilmgSRqSsAqMkl9y7Z2aWwVK67I="
  "resolved" "https://registry.nlark.com/mongodb/download/mongodb-3.6.11.tgz?cache=0&sync_timestamp=1630444408903&other_urls=https%3A%2F%2Fregistry.nlark.com%2Fmongodb%2Fdownload%2Fmongodb-3.6.11.tgz"
  "version" "3.6.11"
  dependencies:
    "bl" "^2.2.1"
    "bson" "^1.1.4"
    "denque" "^1.4.1"
    "optional-require" "^1.0.3"
    "safe-buffer" "^5.1.2"
  optionalDependencies:
    "saslprep" "^1.0.0"

"mongoose-legacy-pluralize@1.0.2":
  "integrity" "sha1-O6n5H6UHtRhtOZ+0CFS/8Y+1Y+Q="
  "resolved" "https://registry.npm.taobao.org/mongoose-legacy-pluralize/download/mongoose-legacy-pluralize-1.0.2.tgz"
  "version" "1.0.2"

"mongoose@*", "mongoose@^5.13.9":
  "integrity" "sha1-RCGhNWba6o/MgBSXNMduVkH0d84="
  "resolved" "https://registry.nlark.com/mongoose/download/mongoose-5.13.9.tgz"
  "version" "5.13.9"
  dependencies:
    "@types/bson" "1.x || 4.0.x"
    "@types/mongodb" "^3.5.27"
    "bson" "^1.1.4"
    "kareem" "2.3.2"
    "mongodb" "3.6.11"
    "mongoose-legacy-pluralize" "1.0.2"
    "mpath" "0.8.4"
    "mquery" "3.2.5"
    "ms" "2.1.2"
    "optional-require" "1.0.x"
    "regexp-clone" "1.0.0"
    "safe-buffer" "5.2.1"
    "sift" "13.5.2"
    "sliced" "1.0.1"

"mpath@0.8.4":
  "integrity" "sha1-a1ZtlYFiHZ6THdOxQu02GOdZkxM="
  "resolved" "https://registry.nlark.com/mpath/download/mpath-0.8.4.tgz?cache=0&sync_timestamp=1630509527824&other_urls=https%3A%2F%2Fregistry.nlark.com%2Fmpath%2Fdownload%2Fmpath-0.8.4.tgz"
  "version" "0.8.4"

"mquery@3.2.5":
  "integrity" "sha1-jyMFYy5LsZf2j2DAz/ohqvQGDFE="
  "resolved" "https://registry.nlark.com/mquery/download/mquery-3.2.5.tgz?cache=0&sync_timestamp=1629842765284&other_urls=https%3A%2F%2Fregistry.nlark.com%2Fmquery%2Fdownload%2Fmquery-3.2.5.tgz"
  "version" "3.2.5"
  dependencies:
    "bluebird" "3.5.1"
    "debug" "3.1.0"
    "regexp-clone" "^1.0.0"
    "safe-buffer" "5.1.2"
    "sliced" "1.0.1"

"ms@^2.1.1":
  "integrity" "sha1-V0yBOM4dK1hh8LRFedut1gxmFbI="
  "resolved" "https://registry.nlark.com/ms/download/ms-2.1.3.tgz"
  "version" "2.1.3"

"ms@2.0.0":
  "integrity" "sha1-VgiurfwAvmwpAd9fmGF4jeDVl8g="
  "resolved" "https://registry.nlark.com/ms/download/ms-2.0.0.tgz"
  "version" "2.0.0"

"ms@2.1.1":
  "integrity" "sha1-MKWGTrPrsKZvLr5tcnrwagnYbgo="
  "resolved" "https://registry.nlark.com/ms/download/ms-2.1.1.tgz"
  "version" "2.1.1"

"ms@2.1.2":
  "integrity" "sha1-0J0fNXtEP0kzgqjrPM0YOHKuYAk="
  "resolved" "https://registry.nlark.com/ms/download/ms-2.1.2.tgz"
  "version" "2.1.2"

"negotiator@0.6.2":
  "integrity" "sha1-/qz3zPUlp3rpY0Q2pkiD/+yjRvs="
  "resolved" "https://registry.nlark.com/negotiator/download/negotiator-0.6.2.tgz"
  "version" "0.6.2"

"nodemon@^2.0.12":
  "integrity" "sha1-Xa5OFithe5Hxhzs7/qIV3XHhRNU="
  "resolved" "https://registry.nlark.com/nodemon/download/nodemon-2.0.12.tgz"
  "version" "2.0.12"
  dependencies:
    "chokidar" "^3.2.2"
    "debug" "^3.2.6"
    "ignore-by-default" "^1.0.1"
    "minimatch" "^3.0.4"
    "pstree.remy" "^1.1.7"
    "semver" "^5.7.1"
    "supports-color" "^5.5.0"
    "touch" "^3.1.0"
    "undefsafe" "^2.0.3"
    "update-notifier" "^4.1.0"

"nopt@~1.0.10":
  "integrity" "sha1-bd0hvSoxQXuScn3Vhfim83YI6+4="
  "resolved" "https://registry.nlark.com/nopt/download/nopt-1.0.10.tgz"
  "version" "1.0.10"
  dependencies:
    "abbrev" "1"

"normalize-path@^3.0.0", "normalize-path@~3.0.0":
  "integrity" "sha1-Dc1p/yOhybEf0JeDFmRKA4ghamU="
  "resolved" "https://registry.nlark.com/normalize-path/download/normalize-path-3.0.0.tgz"
  "version" "3.0.0"

"normalize-url@^4.1.0":
  "integrity" "sha1-DdkM8SiO4dExO4cIHJpZMu5IUYo="
  "resolved" "https://registry.nlark.com/normalize-url/download/normalize-url-4.5.1.tgz"
  "version" "4.5.1"

"object-assign@^4":
  "integrity" "sha1-IQmtx5ZYh8/AXLvUQsrIv7s2CGM="
  "resolved" "https://registry.nlark.com/object-assign/download/object-assign-4.1.1.tgz"
  "version" "4.1.1"

"on-finished@~2.3.0":
  "integrity" "sha1-IPEzZIGwg811M3mSoWlxqi2QaUc="
  "resolved" "https://registry.nlark.com/on-finished/download/on-finished-2.3.0.tgz"
  "version" "2.3.0"
  dependencies:
    "ee-first" "1.1.1"

"once@^1.3.1", "once@^1.4.0":
  "integrity" "sha1-WDsap3WWHUsROsF9nFC6753Xa9E="
  "resolved" "https://registry.nlark.com/once/download/once-1.4.0.tgz"
  "version" "1.4.0"
  dependencies:
    "wrappy" "1"

"optional-require@^1.0.3", "optional-require@1.0.x":
  "integrity" "sha1-J1uOnfHcahetFVNpwkIqRA+Jywc="
  "resolved" "https://registry.nlark.com/optional-require/download/optional-require-1.0.3.tgz?cache=0&sync_timestamp=1628811036694&other_urls=https%3A%2F%2Fregistry.nlark.com%2Foptional-require%2Fdownload%2Foptional-require-1.0.3.tgz"
  "version" "1.0.3"

"p-cancelable@^1.0.0":
  "integrity" "sha1-0HjRWjr0CSIMiG8dmgyi5EGrJsw="
  "resolved" "https://registry.nlark.com/p-cancelable/download/p-cancelable-1.1.0.tgz"
  "version" "1.1.0"

"package-json@^6.3.0":
  "integrity" "sha1-b+7ayjXnVyWHbQsOZJdGl/7RRbA="
  "resolved" "https://registry.nlark.com/package-json/download/package-json-6.5.0.tgz?cache=0&sync_timestamp=1624550102187&other_urls=https%3A%2F%2Fregistry.nlark.com%2Fpackage-json%2Fdownload%2Fpackage-json-6.5.0.tgz"
  "version" "6.5.0"
  dependencies:
    "got" "^9.6.0"
    "registry-auth-token" "^4.0.0"
    "registry-url" "^5.0.0"
    "semver" "^6.2.0"

"parseurl@~1.3.3":
  "integrity" "sha1-naGee+6NEt/wUT7Vt2lXeTvC6NQ="
  "resolved" "https://registry.nlark.com/parseurl/download/parseurl-1.3.3.tgz"
  "version" "1.3.3"

"path-to-regexp@0.1.7":
  "integrity" "sha1-32BBeABfUi8V60SQ5yR6G/qmf4w="
  "resolved" "https://registry.nlark.com/path-to-regexp/download/path-to-regexp-0.1.7.tgz"
  "version" "0.1.7"

"picomatch@^2.0.4", "picomatch@^2.2.1":
  "integrity" "sha1-8fBh3o9qS/AiiS4tEoI0+5gwKXI="
  "resolved" "https://registry.nlark.com/picomatch/download/picomatch-2.3.0.tgz"
  "version" "2.3.0"

"prepend-http@^2.0.0":
  "integrity" "sha1-6SQ0v6XqjBn0HN/UAddBo8gZ2Jc="
  "resolved" "https://registry.nlark.com/prepend-http/download/prepend-http-2.0.0.tgz?cache=0&sync_timestamp=1628547381568&other_urls=https%3A%2F%2Fregistry.nlark.com%2Fprepend-http%2Fdownload%2Fprepend-http-2.0.0.tgz"
  "version" "2.0.0"

"process-nextick-args@~2.0.0":
  "integrity" "sha1-eCDZsWEgzFXKmud5JoCufbptf+I="
  "resolved" "https://registry.nlark.com/process-nextick-args/download/process-nextick-args-2.0.1.tgz"
  "version" "2.0.1"

"proxy-addr@~2.0.5":
  "integrity" "sha1-8Z/mnOqzEe65S0LnDowgcPm6ECU="
  "resolved" "https://registry.nlark.com/proxy-addr/download/proxy-addr-2.0.7.tgz"
  "version" "2.0.7"
  dependencies:
    "forwarded" "0.2.0"
    "ipaddr.js" "1.9.1"

"pstree.remy@^1.1.7":
  "integrity" "sha1-wkIiT0pnwh9oaDm720rCgrg3PTo="
  "resolved" "https://registry.nlark.com/pstree.remy/download/pstree.remy-1.1.8.tgz"
  "version" "1.1.8"

"pump@^3.0.0":
  "integrity" "sha1-tKIRaBW94vTh6mAjVOjHVWUQemQ="
  "resolved" "https://registry.nlark.com/pump/download/pump-3.0.0.tgz"
  "version" "3.0.0"
  dependencies:
    "end-of-stream" "^1.1.0"
    "once" "^1.3.1"

"pupa@^2.0.1":
  "integrity" "sha1-9ej9SvwsXZeCj6pSNUnth0SiDWI="
  "resolved" "https://registry.nlark.com/pupa/download/pupa-2.1.1.tgz?cache=0&sync_timestamp=1626170126456&other_urls=https%3A%2F%2Fregistry.nlark.com%2Fpupa%2Fdownload%2Fpupa-2.1.1.tgz"
  "version" "2.1.1"
  dependencies:
    "escape-goat" "^2.0.0"

"qs@6.7.0":
  "integrity" "sha1-QdwaAV49WB8WIXdr4xr7KHapsbw="
  "resolved" "https://registry.nlark.com/qs/download/qs-6.7.0.tgz"
  "version" "6.7.0"

"range-parser@~1.2.1":
  "integrity" "sha1-PPNwI9GZ4cJNGlW4SADC8+ZGgDE="
  "resolved" "https://registry.nlark.com/range-parser/download/range-parser-1.2.1.tgz"
  "version" "1.2.1"

"raw-body@2.4.0":
  "integrity" "sha1-oc5vucm8NWylLoklarWQWeE9AzI="
  "resolved" "https://registry.nlark.com/raw-body/download/raw-body-2.4.0.tgz"
  "version" "2.4.0"
  dependencies:
    "bytes" "3.1.0"
    "http-errors" "1.7.2"
    "iconv-lite" "0.4.24"
    "unpipe" "1.0.0"

"rc@^1.2.8":
  "integrity" "sha1-zZJL9SAKB1uDwYjNa54hG3/A0+0="
  "resolved" "https://registry.npm.taobao.org/rc/download/rc-1.2.8.tgz"
  "version" "1.2.8"
  dependencies:
    "deep-extend" "^0.6.0"
    "ini" "~1.3.0"
    "minimist" "^1.2.0"
    "strip-json-comments" "~2.0.1"

"readable-stream@^2.3.5":
  "integrity" "sha1-Hsoc9xGu+BTAT2IlKjamL2yyO1c="
  "resolved" "https://registry.nlark.com/readable-stream/download/readable-stream-2.3.7.tgz"
  "version" "2.3.7"
  dependencies:
    "core-util-is" "~1.0.0"
    "inherits" "~2.0.3"
    "isarray" "~1.0.0"
    "process-nextick-args" "~2.0.0"
    "safe-buffer" "~5.1.1"
    "string_decoder" "~1.1.1"
    "util-deprecate" "~1.0.1"

"readdirp@~3.6.0":
  "integrity" "sha1-dKNwvYVxFuJFspzJc0DNQxoCpsc="
  "resolved" "https://registry.nlark.com/readdirp/download/readdirp-3.6.0.tgz"
  "version" "3.6.0"
  dependencies:
    "picomatch" "^2.2.1"

"regexp-clone@^1.0.0", "regexp-clone@1.0.0":
  "integrity" "sha1-Ii25Z2IydwViYLmSYmNUoEzpv2M="
  "resolved" "https://registry.nlark.com/regexp-clone/download/regexp-clone-1.0.0.tgz"
  "version" "1.0.0"

"registry-auth-token@^4.0.0":
  "integrity" "sha1-bXtABkQZGJcszV/tzUHcMix5slA="
  "resolved" "https://registry.npm.taobao.org/registry-auth-token/download/registry-auth-token-4.2.1.tgz?cache=0&sync_timestamp=1605012436264&other_urls=https%3A%2F%2Fregistry.npm.taobao.org%2Fregistry-auth-token%2Fdownload%2Fregistry-auth-token-4.2.1.tgz"
  "version" "4.2.1"
  dependencies:
    "rc" "^1.2.8"

"registry-url@^5.0.0":
  "integrity" "sha1-6YM0tQ1UNLgRNrROxjjZwgCcUAk="
  "resolved" "https://registry.npm.taobao.org/registry-url/download/registry-url-5.1.0.tgz"
  "version" "5.1.0"
  dependencies:
    "rc" "^1.2.8"

"responselike@^1.0.2":
  "integrity" "sha1-kYcg7ztjHFZCvgaPFa3lpG9Loec="
  "resolved" "https://registry.nlark.com/responselike/download/responselike-1.0.2.tgz"
  "version" "1.0.2"
  dependencies:
    "lowercase-keys" "^1.0.0"

"safe-buffer@^5.1.1", "safe-buffer@^5.1.2", "safe-buffer@~5.1.0", "safe-buffer@~5.1.1", "safe-buffer@5.1.2":
  "integrity" "sha1-mR7GnSluAxN0fVm9/St0XDX4go0="
  "resolved" "https://registry.nlark.com/safe-buffer/download/safe-buffer-5.1.2.tgz"
  "version" "5.1.2"

"safe-buffer@5.2.1":
  "integrity" "sha1-Hq+fqb2x/dTsdfWPnNtOa3gn7sY="
  "resolved" "https://registry.nlark.com/safe-buffer/download/safe-buffer-5.2.1.tgz"
  "version" "5.2.1"

"safer-buffer@>= 2.1.2 < 3":
  "integrity" "sha1-RPoWGwGHuVSd2Eu5GAL5vYOFzWo="
  "resolved" "https://registry.nlark.com/safer-buffer/download/safer-buffer-2.1.2.tgz"
  "version" "2.1.2"

"saslprep@^1.0.0":
  "integrity" "sha1-TAL5RrVs9UKX40e6EJPnrKxM8iY="
  "resolved" "https://registry.nlark.com/saslprep/download/saslprep-1.0.3.tgz"
  "version" "1.0.3"
  dependencies:
    "sparse-bitfield" "^3.0.3"

"semver-diff@^3.1.1":
  "integrity" "sha1-Bfd85Z8yXgDicGr9Z7tQbdscoys="
  "resolved" "https://registry.nlark.com/semver-diff/download/semver-diff-3.1.1.tgz?cache=0&sync_timestamp=1620044887257&other_urls=https%3A%2F%2Fregistry.nlark.com%2Fsemver-diff%2Fdownload%2Fsemver-diff-3.1.1.tgz"
  "version" "3.1.1"
  dependencies:
    "semver" "^6.3.0"

"semver@^5.7.1":
  "integrity" "sha1-qVT5Ma66UI0we78Gnv8MAclhFvc="
  "resolved" "https://registry.nlark.com/semver/download/semver-5.7.1.tgz?cache=0&sync_timestamp=1622685835879&other_urls=https%3A%2F%2Fregistry.nlark.com%2Fsemver%2Fdownload%2Fsemver-5.7.1.tgz"
  "version" "5.7.1"

"semver@^6.0.0":
  "integrity" "sha1-7gpkyK9ejO6mdoexM3YeG+y9HT0="
  "resolved" "https://registry.nlark.com/semver/download/semver-6.3.0.tgz?cache=0&sync_timestamp=1622685835879&other_urls=https%3A%2F%2Fregistry.nlark.com%2Fsemver%2Fdownload%2Fsemver-6.3.0.tgz"
  "version" "6.3.0"

"semver@^6.2.0":
  "integrity" "sha1-7gpkyK9ejO6mdoexM3YeG+y9HT0="
  "resolved" "https://registry.nlark.com/semver/download/semver-6.3.0.tgz?cache=0&sync_timestamp=1622685835879&other_urls=https%3A%2F%2Fregistry.nlark.com%2Fsemver%2Fdownload%2Fsemver-6.3.0.tgz"
  "version" "6.3.0"

"semver@^6.3.0":
  "integrity" "sha1-7gpkyK9ejO6mdoexM3YeG+y9HT0="
  "resolved" "https://registry.nlark.com/semver/download/semver-6.3.0.tgz?cache=0&sync_timestamp=1622685835879&other_urls=https%3A%2F%2Fregistry.nlark.com%2Fsemver%2Fdownload%2Fsemver-6.3.0.tgz"
  "version" "6.3.0"

"send@0.17.1":
  "integrity" "sha1-wdiwWfeQD3Rm3Uk4vcROEd2zdsg="
  "resolved" "https://registry.nlark.com/send/download/send-0.17.1.tgz"
  "version" "0.17.1"
  dependencies:
    "debug" "2.6.9"
    "depd" "~1.1.2"
    "destroy" "~1.0.4"
    "encodeurl" "~1.0.2"
    "escape-html" "~1.0.3"
    "etag" "~1.8.1"
    "fresh" "0.5.2"
    "http-errors" "~1.7.2"
    "mime" "1.6.0"
    "ms" "2.1.1"
    "on-finished" "~2.3.0"
    "range-parser" "~1.2.1"
    "statuses" "~1.5.0"

"serve-static@1.14.1":
  "integrity" "sha1-Zm5jbcTwEPfvKZcKiKZ0MgiYsvk="
  "resolved" "https://registry.nlark.com/serve-static/download/serve-static-1.14.1.tgz"
  "version" "1.14.1"
  dependencies:
    "encodeurl" "~1.0.2"
    "escape-html" "~1.0.3"
    "parseurl" "~1.3.3"
    "send" "0.17.1"

"setprototypeof@1.1.1":
  "integrity" "sha1-fpWsskqpL1iF4KvvW6ExMw1K5oM="
  "resolved" "https://registry.nlark.com/setprototypeof/download/setprototypeof-1.1.1.tgz"
  "version" "1.1.1"

"sift@13.5.2":
  "integrity" "sha1-JKcV4TxhewhhZs0EkX0gSlkcnaY="
  "resolved" "https://registry.nlark.com/sift/download/sift-13.5.2.tgz"
  "version" "13.5.2"

"signal-exit@^3.0.2":
  "integrity" "sha1-oUEMLt2PB3sItOJTyOrPyvBXRhw="
  "resolved" "https://registry.nlark.com/signal-exit/download/signal-exit-3.0.3.tgz"
  "version" "3.0.3"

"sliced@1.0.1":
  "integrity" "sha1-CzpmK10Ewxd7GSa+qCsD+Dei70E="
  "resolved" "https://registry.nlark.com/sliced/download/sliced-1.0.1.tgz"
  "version" "1.0.1"

"sparse-bitfield@^3.0.3":
  "integrity" "sha1-/0rm5oZWBWuks+eSqzM004JzyhE="
  "resolved" "https://registry.npm.taobao.org/sparse-bitfield/download/sparse-bitfield-3.0.3.tgz"
  "version" "3.0.3"
  dependencies:
    "memory-pager" "^1.0.2"

"statuses@>= 1.5.0 < 2", "statuses@~1.5.0":
  "integrity" "sha1-Fhx9rBd2Wf2YEfQ3cfqZOBR4Yow="
  "resolved" "https://registry.nlark.com/statuses/download/statuses-1.5.0.tgz"
  "version" "1.5.0"

"string_decoder@~1.1.1":
  "integrity" "sha1-nPFhG6YmhdcDCunkujQUnDrwP8g="
  "resolved" "https://registry.nlark.com/string_decoder/download/string_decoder-1.1.1.tgz"
  "version" "1.1.1"
  dependencies:
    "safe-buffer" "~5.1.0"

"string-width@^3.0.0":
  "integrity" "sha1-InZ74htirxCBV0MG9prFG2IgOWE="
  "resolved" "https://registry.nlark.com/string-width/download/string-width-3.1.0.tgz"
  "version" "3.1.0"
  dependencies:
    "emoji-regex" "^7.0.1"
    "is-fullwidth-code-point" "^2.0.0"
    "strip-ansi" "^5.1.0"

"string-width@^4.0.0", "string-width@^4.1.0":
  "integrity" "sha1-2v1PlVmnWFz7pSnGoKT3NIjr1MU="
  "resolved" "https://registry.nlark.com/string-width/download/string-width-4.2.2.tgz"
  "version" "4.2.2"
  dependencies:
    "emoji-regex" "^8.0.0"
    "is-fullwidth-code-point" "^3.0.0"
    "strip-ansi" "^6.0.0"

"strip-ansi@^5.1.0":
  "integrity" "sha1-jJpTb+tq/JYr36WxBKUJHBrZwK4="
  "resolved" "https://registry.nlark.com/strip-ansi/download/strip-ansi-5.2.0.tgz"
  "version" "5.2.0"
  dependencies:
    "ansi-regex" "^4.1.0"

"strip-ansi@^6.0.0":
  "integrity" "sha1-CxVx3XZpzNTz4G4U7x7tJiJa5TI="
  "resolved" "https://registry.nlark.com/strip-ansi/download/strip-ansi-6.0.0.tgz"
  "version" "6.0.0"
  dependencies:
    "ansi-regex" "^5.0.0"

"strip-json-comments@~2.0.1":
  "integrity" "sha1-PFMZQukIwml8DsNEhYwobHygpgo="
  "resolved" "https://registry.nlark.com/strip-json-comments/download/strip-json-comments-2.0.1.tgz"
  "version" "2.0.1"

"supports-color@^5.5.0":
  "integrity" "sha1-4uaaRKyHcveKHsCzW2id9lMO/I8="
  "resolved" "https://registry.nlark.com/supports-color/download/supports-color-5.5.0.tgz?cache=0&sync_timestamp=1626703400240&other_urls=https%3A%2F%2Fregistry.nlark.com%2Fsupports-color%2Fdownload%2Fsupports-color-5.5.0.tgz"
  "version" "5.5.0"
  dependencies:
    "has-flag" "^3.0.0"

"supports-color@^7.1.0":
  "integrity" "sha1-G33NyzK4E4gBs+R4umpRyqiWSNo="
  "resolved" "https://registry.nlark.com/supports-color/download/supports-color-7.2.0.tgz?cache=0&sync_timestamp=1626703400240&other_urls=https%3A%2F%2Fregistry.nlark.com%2Fsupports-color%2Fdownload%2Fsupports-color-7.2.0.tgz"
  "version" "7.2.0"
  dependencies:
    "has-flag" "^4.0.0"

"term-size@^2.1.0":
  "integrity" "sha1-KmpUhAQywvtjIP6g9BVTHpAYn1Q="
  "resolved" "https://registry.nlark.com/term-size/download/term-size-2.2.1.tgz"
  "version" "2.2.1"

"to-readable-stream@^1.0.0":
  "integrity" "sha1-zgqgwvPfat+FLvtASng+d8BHV3E="
  "resolved" "https://registry.nlark.com/to-readable-stream/download/to-readable-stream-1.0.0.tgz?cache=0&sync_timestamp=1619072466944&other_urls=https%3A%2F%2Fregistry.nlark.com%2Fto-readable-stream%2Fdownload%2Fto-readable-stream-1.0.0.tgz"
  "version" "1.0.0"

"to-regex-range@^5.0.1":
  "integrity" "sha1-FkjESq58jZiKMmAY7XL1tN0DkuQ="
  "resolved" "https://registry.nlark.com/to-regex-range/download/to-regex-range-5.0.1.tgz"
  "version" "5.0.1"
  dependencies:
    "is-number" "^7.0.0"

"toidentifier@1.0.0":
  "integrity" "sha1-fhvjRw8ed5SLxD2Uo8j013UrpVM="
  "resolved" "https://registry.nlark.com/toidentifier/download/toidentifier-1.0.0.tgz"
  "version" "1.0.0"

"touch@^3.1.0":
  "integrity" "sha1-/jZfX3XsntTlaCXgu3bSSrdK+Ds="
  "resolved" "https://registry.npm.taobao.org/touch/download/touch-3.1.0.tgz"
  "version" "3.1.0"
  dependencies:
    "nopt" "~1.0.10"

"type-fest@^0.8.1":
  "integrity" "sha1-CeJJ696FHTseSNJ8EFREZn8XuD0="
  "resolved" "https://registry.nlark.com/type-fest/download/type-fest-0.8.1.tgz"
  "version" "0.8.1"

"type-is@~1.6.17", "type-is@~1.6.18":
  "integrity" "sha1-TlUs0F3wlGfcvE73Od6J8s83wTE="
  "resolved" "https://registry.nlark.com/type-is/download/type-is-1.6.18.tgz"
  "version" "1.6.18"
  dependencies:
    "media-typer" "0.3.0"
    "mime-types" "~2.1.24"

"typedarray-to-buffer@^3.1.5":
  "integrity" "sha1-qX7nqf9CaRufeD/xvFES/j/KkIA="
  "resolved" "https://registry.npm.taobao.org/typedarray-to-buffer/download/typedarray-to-buffer-3.1.5.tgz"
  "version" "3.1.5"
  dependencies:
    "is-typedarray" "^1.0.0"

"undefsafe@^2.0.3":
  "integrity" "sha1-axZucJStRjE7IgLafsws18xueq4="
  "resolved" "https://registry.npm.taobao.org/undefsafe/download/undefsafe-2.0.3.tgz"
  "version" "2.0.3"
  dependencies:
    "debug" "^2.2.0"

"unique-string@^2.0.0":
  "integrity" "sha1-OcZFH4GvsnSd4rIz4/fF6IQ72J0="
  "resolved" "https://registry.npm.taobao.org/unique-string/download/unique-string-2.0.0.tgz"
  "version" "2.0.0"
  dependencies:
    "crypto-random-string" "^2.0.0"

"unpipe@~1.0.0", "unpipe@1.0.0":
  "integrity" "sha1-sr9O6FFKrmFltIF4KdIbLvSZBOw="
  "resolved" "https://registry.nlark.com/unpipe/download/unpipe-1.0.0.tgz"
  "version" "1.0.0"

"update-notifier@^4.1.0":
  "integrity" "sha1-vobuE+jOSPtQBD/3IFe1vVmOHqM="
  "resolved" "https://registry.npm.taobao.org/update-notifier/download/update-notifier-4.1.3.tgz?cache=0&sync_timestamp=1612086205086&other_urls=https%3A%2F%2Fregistry.npm.taobao.org%2Fupdate-notifier%2Fdownload%2Fupdate-notifier-4.1.3.tgz"
  "version" "4.1.3"
  dependencies:
    "boxen" "^4.2.0"
    "chalk" "^3.0.0"
    "configstore" "^5.0.1"
    "has-yarn" "^2.1.0"
    "import-lazy" "^2.1.0"
    "is-ci" "^2.0.0"
    "is-installed-globally" "^0.3.1"
    "is-npm" "^4.0.0"
    "is-yarn-global" "^0.3.0"
    "latest-version" "^5.0.0"
    "pupa" "^2.0.1"
    "semver-diff" "^3.1.1"
    "xdg-basedir" "^4.0.0"

"url-parse-lax@^3.0.0":
  "integrity" "sha1-FrXK/Afb42dsGxmZF3gj1lA6yww="
  "resolved" "https://registry.nlark.com/url-parse-lax/download/url-parse-lax-3.0.0.tgz?cache=0&other_urls=https%3A%2F%2Fregistry.nlark.com%2Furl-parse-lax%2Fdownload%2Furl-parse-lax-3.0.0.tgz"
  "version" "3.0.0"
  dependencies:
    "prepend-http" "^2.0.0"

"util-deprecate@~1.0.1":
  "integrity" "sha1-RQ1Nyfpw3nMnYvvS1KKJgUGaDM8="
  "resolved" "https://registry.nlark.com/util-deprecate/download/util-deprecate-1.0.2.tgz"
  "version" "1.0.2"

"utils-merge@1.0.1":
  "integrity" "sha1-n5VxD1CiZ5R7LMwSR0HBAoQn5xM="
  "resolved" "https://registry.nlark.com/utils-merge/download/utils-merge-1.0.1.tgz"
  "version" "1.0.1"

"vary@^1", "vary@~1.1.2":
  "integrity" "sha1-IpnwLG3tMNSllhsLn3RSShj2NPw="
  "resolved" "https://registry.nlark.com/vary/download/vary-1.1.2.tgz"
  "version" "1.1.2"

"widest-line@^3.1.0":
  "integrity" "sha1-gpIzO79my0X/DeFgOxNreuFJbso="
  "resolved" "https://registry.nlark.com/widest-line/download/widest-line-3.1.0.tgz"
  "version" "3.1.0"
  dependencies:
    "string-width" "^4.0.0"

"wrappy@1":
  "integrity" "sha1-tSQ9jz7BqjXxNkYFvA0QNuMKtp8="
  "resolved" "https://registry.nlark.com/wrappy/download/wrappy-1.0.2.tgz"
  "version" "1.0.2"

"write-file-atomic@^3.0.0":
  "integrity" "sha1-Vr1cWlxwSBzRnFcb05q5ZaXeVug="
  "resolved" "https://registry.nlark.com/write-file-atomic/download/write-file-atomic-3.0.3.tgz"
  "version" "3.0.3"
  dependencies:
    "imurmurhash" "^0.1.4"
    "is-typedarray" "^1.0.0"
    "signal-exit" "^3.0.2"
    "typedarray-to-buffer" "^3.1.5"

"xdg-basedir@^4.0.0":
  "integrity" "sha1-S8jZmEQDaWIl74OhVzy7y0552xM="
  "resolved" "https://registry.nlark.com/xdg-basedir/download/xdg-basedir-4.0.0.tgz"
  "version" "4.0.0"
